
Microsoft Visual Studio Solution File, Format Version 12.00
# Visual Studio 15
VisualStudioVersion = 15.0.28307.705
MinimumVisualStudioVersion = 10.0.40219.1
Project("{9A19103F-16F7-4668-BE54-9A1E7A4F7556}") = "Nop.Plugin.DiscountRules.DaysOfWeek", "Nop.Plugin.DiscountRules.DaysOfWeek.csproj", "{7094FD63-3036-41F5-AEBB-242CEDE69724}"
EndProject
Global
	GlobalSection(SolutionConfigurationPlatforms) = preSolution
		Debug|Any CPU = Debug|Any CPU
		Release|Any CPU = Release|Any CPU
	EndGlobalSection
	GlobalSection(ProjectConfigurationPlatforms) = postSolution
		{7094FD63-3036-41F5-AEBB-242CEDE69724}.Debug|Any CPU.ActiveCfg = Debug|Any CPU
		{7094FD63-3036-41F5-AEBB-242CEDE69724}.Debug|Any CPU.Build.0 = Debug|Any CPU
		{7094FD63-3036-41F5-AEBB-242CEDE69724}.Release|Any CPU.ActiveCfg = Release|Any CPU
		{7094FD63-3036-41F5-AEBB-242CEDE69724}.Release|Any CPU.Build.0 = Release|Any CPU
	EndGlobalSection
	GlobalSection(SolutionProperties) = preSolution
		HideSolutionNode = FALSE
	EndGlobalSection
	GlobalSection(ExtensibilityGlobals) = postSolution
		SolutionGuid = {ED562243-370F-42F3-8771-0157BC63D8DA}
	EndGlobalSection
EndGlobal
